
Microsoft Visual Studio Solution File, Format Version 12.00
# Visual Studio Version 16
VisualStudioVersion = 16.0.30717.126
MinimumVisualStudioVersion = 10.0.40219.1
Project("{FAE04EC0-301F-11D3-BF4B-00C04F79EFBC}") = "PracticeUITests", "PracticeUITests\PracticeUITests.csproj", "{23766F36-B030-41E8-AB36-0A8B7B443406}"
EndProject
Global
	GlobalSection(SolutionConfigurationPlatforms) = preSolution
		Debug|Any CPU = Debug|Any CPU
		Release|Any CPU = Release|Any CPU
	EndGlobalSection
	GlobalSection(ProjectConfigurationPlatforms) = postSolution
		{23766F36-B030-41E8-AB36-0A8B7B443406}.Debug|Any CPU.ActiveCfg = Debug|Any CPU
		{23766F36-B030-41E8-AB36-0A8B7B443406}.Debug|Any CPU.Build.0 = Debug|Any CPU
		{23766F36-B030-41E8-AB36-0A8B7B443406}.Release|Any CPU.ActiveCfg = Release|Any CPU
		{23766F36-B030-41E8-AB36-0A8B7B443406}.Release|Any CPU.Build.0 = Release|Any CPU
	EndGlobalSection
	GlobalSection(SolutionProperties) = preSolution
		HideSolutionNode = FALSE
	EndGlobalSection
	GlobalSection(ExtensibilityGlobals) = postSolution
		SolutionGuid = {59D41341-E346-40AB-8DE0-9F057707095C}
	EndGlobalSection
EndGlobal
